// !$*UTF8*$!
{
	archiveVersion = 1;
	classes = {
	};
	objectVersion = 55;
	objects = {

/* Begin PBXAggregateTarget section */
		8078F471AFFFD8441D213221 /* BazelDependencies */ = {
			isa = PBXAggregateTarget;
			buildConfigurationList = 1D5575BFE3E5A491D9268690 /* Build configuration list for PBXAggregateTarget "BazelDependencies" */;
			buildPhases = (
				1D29F6F53F180B7EC6DCDD7E /* Bazel Build */,
				0350B8F06A476B8296C1F1A6 /* Create swift_debug_settings.py */,
			);
			dependencies = (
			);
			name = BazelDependencies;
			productName = BazelDependencies;
		};
/* End PBXAggregateTarget section */

/* Begin PBXBuildFile section */
		0A2E3DD4AA653CAAB1F9A012 /* PointsView.swift in Sources */ = {isa = PBXBuildFile; fileRef = 79081D449939BA8BF67108BA /* PointsView.swift */; };
		0F2711696F140D40732AE9B7 /* Game.swift in Sources */ = {isa = PBXBuildFile; fileRef = B03C6CE9C599C2B623BD7F49 /* Game.swift */; };
		317AA63B27B089D4F53C5AE8 /* RoundViews.swift in Sources */ = {isa = PBXBuildFile; fileRef = 6F59569BBCF5BE3055DEF8CE /* RoundViews.swift */; };
		3B0C94C84E92A223601498D1 /* BackgroundView.swift in Sources */ = {isa = PBXBuildFile; fileRef = B03679520F3CE61F5576287E /* BackgroundView.swift */; };
		4DC8BA92865AD0501FE78064 /* BullseyeTests.swift in Sources */ = {isa = PBXBuildFile; fileRef = FEB62D71E241F22C95733FA2 /* BullseyeTests.swift */; };
		57AC53B75E4739AD70ADDC55 /* Shapes.swift in Sources */ = {isa = PBXBuildFile; fileRef = F1CCB55F3F06607FEA34E9E7 /* Shapes.swift */; };
		5F8342616C84A6E4CEFF9DBC /* BullseyeApp.swift in Sources */ = {isa = PBXBuildFile; fileRef = C74699D3AE4CBC15BCDF034B /* BullseyeApp.swift */; };
		67EC239E15888FD6EA346101 /* ContentView.swift in Sources */ = {isa = PBXBuildFile; fileRef = 466D306C858ADB3ABA1401F2 /* ContentView.swift */; };
		D215645A2537B68D505ADE8F /* TextViews.swift in Sources */ = {isa = PBXBuildFile; fileRef = 5892F2A7511D0888C03A1DA1 /* TextViews.swift */; };
		FE1A596FFAB0509B5BA4EFCE /* LeaderboardView.swift in Sources */ = {isa = PBXBuildFile; fileRef = 949BDB709A77E7613AADF7FA /* LeaderboardView.swift */; };
/* End PBXBuildFile section */

/* Begin PBXContainerItemProxy section */
		06847958C4ECC5F9EF8490AA /* PBXContainerItemProxy */ = {
			isa = PBXContainerItemProxy;
			containerPortal = 030B295CDA880462AFDA27CA /* Project object */;
			proxyType = 1;
			remoteGlobalIDString = 8078F471AFFFD8441D213221;
			remoteInfo = BazelDependencies;
		};
		8EEAA806E1296E399B55EC32 /* PBXContainerItemProxy */ = {
			isa = PBXContainerItemProxy;
			containerPortal = 030B295CDA880462AFDA27CA /* Project object */;
			proxyType = 1;
			remoteGlobalIDString = 905246755C32DD3FFC7299C4;
			remoteInfo = myfirstapp;
		};
		F97C1DAEACA805C5DF6F84E5 /* PBXContainerItemProxy */ = {
			isa = PBXContainerItemProxy;
			containerPortal = 030B295CDA880462AFDA27CA /* Project object */;
			proxyType = 1;
			remoteGlobalIDString = 8078F471AFFFD8441D213221;
			remoteInfo = BazelDependencies;
		};
/* End PBXContainerItemProxy section */

/* Begin PBXFileReference section */
		0A3AB7C6B55540B1C11D3470 /* Info.plist */ = {isa = PBXFileReference; lastKnownFileType = text.plist; path = Info.plist; sourceTree = "<group>"; };
		0F659E290354C8754BE6B26E /* Info.plist */ = {isa = PBXFileReference; lastKnownFileType = text.plist; path = Info.plist; sourceTree = "<group>"; };
		0F782FF73E3EF42ED3C842EF /* DefaultTestBundle.plist */ = {isa = PBXFileReference; lastKnownFileType = text.plist; path = DefaultTestBundle.plist; sourceTree = "<group>"; };
		466D306C858ADB3ABA1401F2 /* ContentView.swift */ = {isa = PBXFileReference; lastKnownFileType = sourcecode.swift; path = ContentView.swift; sourceTree = "<group>"; };
		4761F908903177F420AC637B /* Info.plist */ = {isa = PBXFileReference; lastKnownFileType = text.plist; path = Info.plist; sourceTree = "<group>"; };
		5892F2A7511D0888C03A1DA1 /* TextViews.swift */ = {isa = PBXFileReference; lastKnownFileType = sourcecode.swift; path = TextViews.swift; sourceTree = "<group>"; };
		64ADCFCC3FC55ECAAEC36B77 /* BUILD */ = {isa = PBXFileReference; explicitFileType = text.script.python; path = BUILD; sourceTree = "<group>"; };
		684405CC79FF9E5CD1E696CC /* iostests.xctest */ = {isa = PBXFileReference; explicitFileType = wrapper.cfbundle; includeInIndex = 0; path = iostests.xctest; sourceTree = BUILT_PRODUCTS_DIR; };
		6F59569BBCF5BE3055DEF8CE /* RoundViews.swift */ = {isa = PBXFileReference; lastKnownFileType = sourcecode.swift; path = RoundViews.swift; sourceTree = "<group>"; };
		79081D449939BA8BF67108BA /* PointsView.swift */ = {isa = PBXFileReference; lastKnownFileType = sourcecode.swift; path = PointsView.swift; sourceTree = "<group>"; };
		861C07645F9A7124D8204F04 /* myfirstapp.app */ = {isa = PBXFileReference; explicitFileType = wrapper.application; includeInIndex = 0; path = myfirstapp.app; sourceTree = BUILT_PRODUCTS_DIR; };
		949BDB709A77E7613AADF7FA /* LeaderboardView.swift */ = {isa = PBXFileReference; lastKnownFileType = sourcecode.swift; path = LeaderboardView.swift; sourceTree = "<group>"; };
		B03679520F3CE61F5576287E /* BackgroundView.swift */ = {isa = PBXFileReference; lastKnownFileType = sourcecode.swift; path = BackgroundView.swift; sourceTree = "<group>"; };
		B03C6CE9C599C2B623BD7F49 /* Game.swift */ = {isa = PBXFileReference; lastKnownFileType = sourcecode.swift; path = Game.swift; sourceTree = "<group>"; };
		C6814BDEB93F411CCBE32CB3 /* Assets.xcassets */ = {isa = PBXFileReference; lastKnownFileType = folder.assetcatalog; path = Assets.xcassets; sourceTree = "<group>"; };
		C74699D3AE4CBC15BCDF034B /* BullseyeApp.swift */ = {isa = PBXFileReference; lastKnownFileType = sourcecode.swift; path = BullseyeApp.swift; sourceTree = "<group>"; };
		F1CCB55F3F06607FEA34E9E7 /* Shapes.swift */ = {isa = PBXFileReference; lastKnownFileType = sourcecode.swift; path = Shapes.swift; sourceTree = "<group>"; };
		FEB62D71E241F22C95733FA2 /* BullseyeTests.swift */ = {isa = PBXFileReference; lastKnownFileType = sourcecode.swift; path = BullseyeTests.swift; sourceTree = "<group>"; };
/* End PBXFileReference section */

/* Begin PBXGroup section */
		0FAA853144CDD429140A8720 /* myfirstapp */ = {
			isa = PBXGroup;
			children = (
				4761F908903177F420AC637B /* Info.plist */,
			);
			path = myfirstapp;
			sourceTree = "<group>";
		};
		19D4D22DD1ADF74B2C65543C /* applebin_ios-ios_sim_arm64-dbg-ST-e8cf74a10fda */ = {
			isa = PBXGroup;
			children = (
				BB0567CE7EA8F5E2283CFBFD /* bin */,
			);
			path = "applebin_ios-ios_sim_arm64-dbg-ST-e8cf74a10fda";
			sourceTree = "<group>";
		};
		1E8C03A752B5BF8C18A43253 /* App */ = {
			isa = PBXGroup;
			children = (
				C6814BDEB93F411CCBE32CB3 /* Assets.xcassets */,
				0A3AB7C6B55540B1C11D3470 /* Info.plist */,
			);
			path = App;
			sourceTree = "<group>";
		};
		301A12B31618CB6CDFA55FCA /* Bazel Generated Files */ = {
			isa = PBXGroup;
			children = (
				19D4D22DD1ADF74B2C65543C /* applebin_ios-ios_sim_arm64-dbg-ST-e8cf74a10fda */,
			);
			name = "Bazel Generated Files";
			path = "/var/tmp/_bazel_brunohammes/6bd6c52c5cbfc1b636b850a97c7cf3bc/execroot/__main__/bazel-out";
			sourceTree = "<absolute>";
		};
		579C878FAA0A39E97E31BE2F = {
			isa = PBXGroup;
			children = (
				6C189A65B6AF4B799CE5B01D /* Bullseye-iOS */,
				F56D2F9325141CFAD01C0869 /* Bazel External Repositories */,
				301A12B31618CB6CDFA55FCA /* Bazel Generated Files */,
				F5E37BC358809D328C509721 /* Products */,
				F6844BFD035871C2AD6D4762 /* Frameworks */,
			);
			sourceTree = "<group>";
		};
		5CA5339A1DF0ED15AA474512 /* BullseyeTests */ = {
			isa = PBXGroup;
			children = (
				FEB62D71E241F22C95733FA2 /* BullseyeTests.swift */,
			);
			path = BullseyeTests;
			sourceTree = "<group>";
		};
		5FB25B821B9C574A444A145F /* Bullseye-iOS */ = {
			isa = PBXGroup;
			children = (
				89C6BEBE5D46EA9FD90CEFF4 /* rules_xcodeproj */,
			);
			path = "Bullseye-iOS";
			sourceTree = "<group>";
		};
		6C189A65B6AF4B799CE5B01D /* Bullseye-iOS */ = {
			isa = PBXGroup;
			children = (
				BE34D2661F687FCC506C9B86 /* Bullseye */,
				5CA5339A1DF0ED15AA474512 /* BullseyeTests */,
				64ADCFCC3FC55ECAAEC36B77 /* BUILD */,
			);
			path = "Bullseye-iOS";
			sourceTree = "<group>";
		};
		81C81E8B960585A949F7236C /* iostests.__internal__.__test_bundle */ = {
			isa = PBXGroup;
			children = (
				0F659E290354C8754BE6B26E /* Info.plist */,
			);
			path = iostests.__internal__.__test_bundle;
			sourceTree = "<group>";
		};
		85887C21628CFA17B91B16AE /* testing */ = {
			isa = PBXGroup;
			children = (
				0F782FF73E3EF42ED3C842EF /* DefaultTestBundle.plist */,
			);
			path = testing;
			sourceTree = "<group>";
		};
		89C6BEBE5D46EA9FD90CEFF4 /* rules_xcodeproj */ = {
			isa = PBXGroup;
			children = (
				81C81E8B960585A949F7236C /* iostests.__internal__.__test_bundle */,
				0FAA853144CDD429140A8720 /* myfirstapp */,
			);
			path = rules_xcodeproj;
			sourceTree = "<group>";
		};
		BB0567CE7EA8F5E2283CFBFD /* bin */ = {
			isa = PBXGroup;
			children = (
				5FB25B821B9C574A444A145F /* Bullseye-iOS */,
			);
			path = bin;
			sourceTree = "<group>";
		};
		BE34D2661F687FCC506C9B86 /* Bullseye */ = {
			isa = PBXGroup;
			children = (
				1E8C03A752B5BF8C18A43253 /* App */,
				EA8E81F8CB6DFB94700A5CA0 /* Sources */,
			);
			path = Bullseye;
			sourceTree = "<group>";
		};
		EA84AF00DEEF3C93E8724FB7 /* build_bazel_rules_apple */ = {
			isa = PBXGroup;
			children = (
				ED981BA1AA73B78CB36BA6A8 /* apple */,
			);
			path = build_bazel_rules_apple;
			sourceTree = "<group>";
		};
		EA8E81F8CB6DFB94700A5CA0 /* Sources */ = {
			isa = PBXGroup;
			children = (
				B03679520F3CE61F5576287E /* BackgroundView.swift */,
				C74699D3AE4CBC15BCDF034B /* BullseyeApp.swift */,
				466D306C858ADB3ABA1401F2 /* ContentView.swift */,
				B03C6CE9C599C2B623BD7F49 /* Game.swift */,
				949BDB709A77E7613AADF7FA /* LeaderboardView.swift */,
				79081D449939BA8BF67108BA /* PointsView.swift */,
				6F59569BBCF5BE3055DEF8CE /* RoundViews.swift */,
				F1CCB55F3F06607FEA34E9E7 /* Shapes.swift */,
				5892F2A7511D0888C03A1DA1 /* TextViews.swift */,
			);
			path = Sources;
			sourceTree = "<group>";
		};
		ED981BA1AA73B78CB36BA6A8 /* apple */ = {
			isa = PBXGroup;
			children = (
				85887C21628CFA17B91B16AE /* testing */,
			);
			path = apple;
			sourceTree = "<group>";
		};
		F56D2F9325141CFAD01C0869 /* Bazel External Repositories */ = {
			isa = PBXGroup;
			children = (
				EA84AF00DEEF3C93E8724FB7 /* build_bazel_rules_apple */,
			);
			name = "Bazel External Repositories";
			path = /var/tmp/_bazel_brunohammes/6bd6c52c5cbfc1b636b850a97c7cf3bc/external;
			sourceTree = "<absolute>";
		};
		F5E37BC358809D328C509721 /* Products */ = {
			isa = PBXGroup;
			children = (
				684405CC79FF9E5CD1E696CC /* iostests.xctest */,
				861C07645F9A7124D8204F04 /* myfirstapp.app */,
			);
			name = Products;
			sourceTree = "<group>";
		};
		F6844BFD035871C2AD6D4762 /* Frameworks */ = {
			isa = PBXGroup;
			children = (
			);
			name = Frameworks;
			sourceTree = "<group>";
		};
/* End PBXGroup section */

/* Begin PBXNativeTarget section */
		905246755C32DD3FFC7299C4 /* myfirstapp */ = {
			isa = PBXNativeTarget;
			buildConfigurationList = 5A2D38EEA59D4683E6DB0C2D /* Build configuration list for PBXNativeTarget "myfirstapp" */;
			buildPhases = (
				A37B19BD4EAE794A03429A05 /* Copy Bazel Outputs */,
				F8835ACB49C889DE4ABC2C5F /* Create linking dependencies */,
				82973BD7F75B410160A535B6 /* Sources */,
			);
			buildRules = (
			);
			dependencies = (
				F0CB49A000802F8B3245F108 /* PBXTargetDependency */,
			);
			name = myfirstapp;
			productName = myfirstapp;
			productReference = 861C07645F9A7124D8204F04 /* myfirstapp.app */;
			productType = "com.apple.product-type.application";
		};
		AF5F14698A62F6F808F5A4FD /* iostests */ = {
			isa = PBXNativeTarget;
			buildConfigurationList = D43DDE46C90AAA27D43AD4D4 /* Build configuration list for PBXNativeTarget "iostests" */;
			buildPhases = (
				7F1DB9D12205DF9F3162FB0D /* Copy Bazel Outputs */,
				6F339DD351AADD1E38447F8F /* Create linking dependencies */,
				D47896E32A41692B8C929E83 /* Sources */,
			);
			buildRules = (
			);
			dependencies = (
				8241ABF2A9C2DDCE3606C6B5 /* PBXTargetDependency */,
				2B084506C27616DD540EECE4 /* PBXTargetDependency */,
			);
			name = iostests;
			productName = iostests;
			productReference = 684405CC79FF9E5CD1E696CC /* iostests.xctest */;
			productType = "com.apple.product-type.bundle.unit-test";
		};
/* End PBXNativeTarget section */

/* Begin PBXProject section */
		030B295CDA880462AFDA27CA /* Project object */ = {
			isa = PBXProject;
			attributes = {
				BuildIndependentTargetsInParallel = 1;
				LastSwiftUpdateCheck = 9999;
				LastUpgradeCheck = 9999;
				TargetAttributes = {
					8078F471AFFFD8441D213221 = {
						CreatedOnToolsVersion = 13.2.1;
					};
					905246755C32DD3FFC7299C4 = {
						CreatedOnToolsVersion = 13.2.1;
						LastSwiftMigration = 9999;
					};
					AF5F14698A62F6F808F5A4FD = {
						CreatedOnToolsVersion = 13.2.1;
						LastSwiftMigration = 9999;
						TestTargetID = 905246755C32DD3FFC7299C4;
					};
				};
			};
			buildConfigurationList = A098966EEA001BBD78318BBA /* Build configuration list for PBXProject "Bullseye" */;
			compatibilityVersion = "Xcode 13.0";
			developmentRegion = en;
			hasScannedForEncodings = 0;
			knownRegions = (
				en,
				Base,
			);
			mainGroup = 579C878FAA0A39E97E31BE2F;
			productRefGroup = F5E37BC358809D328C509721 /* Products */;
			projectDirPath = ..;
			projectRoot = "";
			targets = (
				8078F471AFFFD8441D213221 /* BazelDependencies */,
				AF5F14698A62F6F808F5A4FD /* iostests */,
				905246755C32DD3FFC7299C4 /* myfirstapp */,
			);
		};
/* End PBXProject section */

/* Begin PBXShellScriptBuildPhase section */
		0350B8F06A476B8296C1F1A6 /* Create swift_debug_settings.py */ = {
			isa = PBXShellScriptBuildPhase;
			buildActionMask = 2147483647;
			files = (
			);
			inputPaths = (
				"$(INTERNAL_DIR)/swift_debug_settings.py",
			);
			name = "Create swift_debug_settings.py";
			outputPaths = (
				"$(OBJROOT)/swift_debug_settings.py",
			);
			runOnlyForDeploymentPostprocessing = 0;
			shellPath = /bin/sh;
			shellScript = "perl -pe 's/\\$(\\()?([a-zA-Z_]\\w*)(?(1)\\))/$ENV{$2}/g' \\\n  \"$SCRIPT_INPUT_FILE_0\" > \"$SCRIPT_OUTPUT_FILE_0\"\n";
			showEnvVarsInLog = 0;
		};
		1D29F6F53F180B7EC6DCDD7E /* Bazel Build */ = {
			isa = PBXShellScriptBuildPhase;
			alwaysOutOfDate = 1;
			buildActionMask = 2147483647;
			files = (
			);
			inputPaths = (
			);
			name = "Bazel Build";
			outputFileListPaths = (
				"$(INTERNAL_DIR)/external.xcfilelist",
				"$(INTERNAL_DIR)/generated.xcfilelist",
			);
			outputPaths = (
			);
			runOnlyForDeploymentPostprocessing = 0;
			shellPath = /bin/sh;
			shellScript = "\"$BAZEL_INTEGRATION_DIR/bazel_build.sh\"\n";
			showEnvVarsInLog = 0;
		};
		6F339DD351AADD1E38447F8F /* Create linking dependencies */ = {
			isa = PBXShellScriptBuildPhase;
			buildActionMask = 2147483647;
			files = (
			);
			inputPaths = (
				"$(LINK_PARAMS_FILE)",
			);
			name = "Create linking dependencies";
			outputPaths = (
				"$(DERIVED_FILE_DIR)/link.params",
			);
			runOnlyForDeploymentPostprocessing = 0;
			shellPath = /bin/sh;
			shellScript = "perl -pe 's/^(\"?)(.*\\$\\(.*\\).*?)(\"?)$/\"$2\"/ ; s/\\$(\\()?([a-zA-Z_]\\w*)(?(1)\\))/$ENV{$2}/g' \\\n  \"$SCRIPT_INPUT_FILE_0\" > \"$SCRIPT_OUTPUT_FILE_0\"\n";
			showEnvVarsInLog = 0;
		};
		7F1DB9D12205DF9F3162FB0D /* Copy Bazel Outputs */ = {
			isa = PBXShellScriptBuildPhase;
			alwaysOutOfDate = 1;
			buildActionMask = 2147483647;
			files = (
			);
			inputPaths = (
				"$(TARGET_BUILD_DIR)/$(INFOPLIST_PATH)",
			);
			name = "Copy Bazel Outputs";
			outputPaths = (
			);
			runOnlyForDeploymentPostprocessing = 0;
			shellPath = /bin/sh;
			shellScript = "set -euo pipefail\n\n\"$BAZEL_INTEGRATION_DIR/copy_outputs.sh\" \\\n  \"_BazelForcedCompile_.swift\" \\\n  \"iostests.xctest\" \\\n  \"\"\n";
			showEnvVarsInLog = 0;
		};
		A37B19BD4EAE794A03429A05 /* Copy Bazel Outputs */ = {
			isa = PBXShellScriptBuildPhase;
			alwaysOutOfDate = 1;
			buildActionMask = 2147483647;
			files = (
			);
			inputPaths = (
				"$(TARGET_BUILD_DIR)/$(INFOPLIST_PATH)",
			);
			name = "Copy Bazel Outputs";
			outputPaths = (
			);
			runOnlyForDeploymentPostprocessing = 0;
			shellPath = /bin/sh;
			shellScript = "set -euo pipefail\n\n\"$BAZEL_INTEGRATION_DIR/copy_outputs.sh\" \\\n  \"_BazelForcedCompile_.swift\" \\\n  \"myfirstapp.app\" \\\n  \"$INTERNAL_DIR/app.exclude.rsynclist\"\n";
			showEnvVarsInLog = 0;
		};
		F8835ACB49C889DE4ABC2C5F /* Create linking dependencies */ = {
			isa = PBXShellScriptBuildPhase;
			buildActionMask = 2147483647;
			files = (
			);
			inputPaths = (
				"$(LINK_PARAMS_FILE)",
			);
			name = "Create linking dependencies";
			outputPaths = (
				"$(DERIVED_FILE_DIR)/link.params",
			);
			runOnlyForDeploymentPostprocessing = 0;
			shellPath = /bin/sh;
			shellScript = "perl -pe 's/^(\"?)(.*\\$\\(.*\\).*?)(\"?)$/\"$2\"/ ; s/\\$(\\()?([a-zA-Z_]\\w*)(?(1)\\))/$ENV{$2}/g' \\\n  \"$SCRIPT_INPUT_FILE_0\" > \"$SCRIPT_OUTPUT_FILE_0\"\n";
			showEnvVarsInLog = 0;
		};
/* End PBXShellScriptBuildPhase section */

/* Begin PBXSourcesBuildPhase section */
		82973BD7F75B410160A535B6 /* Sources */ = {
			isa = PBXSourcesBuildPhase;
			buildActionMask = 2147483647;
			files = (
				3B0C94C84E92A223601498D1 /* BackgroundView.swift in Sources */,
				5F8342616C84A6E4CEFF9DBC /* BullseyeApp.swift in Sources */,
				67EC239E15888FD6EA346101 /* ContentView.swift in Sources */,
				0F2711696F140D40732AE9B7 /* Game.swift in Sources */,
				FE1A596FFAB0509B5BA4EFCE /* LeaderboardView.swift in Sources */,
				0A2E3DD4AA653CAAB1F9A012 /* PointsView.swift in Sources */,
				317AA63B27B089D4F53C5AE8 /* RoundViews.swift in Sources */,
				57AC53B75E4739AD70ADDC55 /* Shapes.swift in Sources */,
				D215645A2537B68D505ADE8F /* TextViews.swift in Sources */,
			);
			runOnlyForDeploymentPostprocessing = 0;
		};
		D47896E32A41692B8C929E83 /* Sources */ = {
			isa = PBXSourcesBuildPhase;
			buildActionMask = 2147483647;
			files = (
				4DC8BA92865AD0501FE78064 /* BullseyeTests.swift in Sources */,
			);
			runOnlyForDeploymentPostprocessing = 0;
		};
/* End PBXSourcesBuildPhase section */

/* Begin PBXTargetDependency section */
		2B084506C27616DD540EECE4 /* PBXTargetDependency */ = {
			isa = PBXTargetDependency;
			name = myfirstapp;
			target = 905246755C32DD3FFC7299C4 /* myfirstapp */;
			targetProxy = 8EEAA806E1296E399B55EC32 /* PBXContainerItemProxy */;
		};
		8241ABF2A9C2DDCE3606C6B5 /* PBXTargetDependency */ = {
			isa = PBXTargetDependency;
			name = BazelDependencies;
			target = 8078F471AFFFD8441D213221 /* BazelDependencies */;
			targetProxy = 06847958C4ECC5F9EF8490AA /* PBXContainerItemProxy */;
		};
		F0CB49A000802F8B3245F108 /* PBXTargetDependency */ = {
			isa = PBXTargetDependency;
			name = BazelDependencies;
			target = 8078F471AFFFD8441D213221 /* BazelDependencies */;
			targetProxy = F97C1DAEACA805C5DF6F84E5 /* PBXContainerItemProxy */;
		};
/* End PBXTargetDependency section */

/* Begin XCBuildConfiguration section */
		2749074C18292C19D339E2D5 /* Debug */ = {
			isa = XCBuildConfiguration;
			buildSettings = {
				ARCHS = arm64;
				BAZEL_COMPILE_TARGET_ID = "//Bullseye-iOS:tests ios-sim_arm64-min14.0-applebin_ios-ios_sim_arm64-dbg-ST-e8cf74a10fda";
				"BAZEL_COMPILE_TARGET_ID[sdk=iphonesimulator*]" = "$(BAZEL_COMPILE_TARGET_ID)";
				BAZEL_LABEL = "@//Bullseye-iOS:iostests";
				BAZEL_OUTPUTS_PRODUCT = "$(BAZEL_OUT)/applebin_ios-ios_sim_arm64-dbg-ST-e8cf74a10fda/bin/Bullseye-iOS/iostests.xctest";
				BAZEL_PACKAGE_BIN_DIR = "bazel-out/applebin_ios-ios_sim_arm64-dbg-ST-e8cf74a10fda/bin/Bullseye-iOS";
				BAZEL_TARGET_ID = "//Bullseye-iOS:iostests.__internal__.__test_bundle applebin_ios-ios_sim_arm64-dbg-ST-e8cf74a10fda";
				"BAZEL_TARGET_ID[sdk=iphonesimulator*]" = "$(BAZEL_TARGET_ID)";
				BUILT_PRODUCTS_DIR = "$(CONFIGURATION_BUILD_DIR)";
				BUNDLE_LOADER = "$(TEST_HOST)";
				CODE_SIGN_STYLE = Manual;
				COMPILE_TARGET_NAME = tests;
				DEBUG_INFORMATION_FORMAT = dwarf;
				DEPLOYMENT_LOCATION = NO;
				ENABLE_BITCODE = NO;
				ENABLE_TESTABILITY = YES;
				ENABLE_TESTING_SEARCH_PATHS = YES;
				GCC_OPTIMIZATION_LEVEL = 0;
				INFOPLIST_FILE = "$(BAZEL_OUT)/applebin_ios-ios_sim_arm64-dbg-ST-e8cf74a10fda/bin/Bullseye-iOS/rules_xcodeproj/iostests.__internal__.__test_bundle/Info.plist";
				IPHONEOS_DEPLOYMENT_TARGET = 14.0;
				LINK_PARAMS_FILE = "$(INTERNAL_DIR)/targets/applebin_ios-ios_sim_arm64-dbg-ST-e8cf74a10fda/Bullseye-iOS/iostests.link.params";
				OTHER_LDFLAGS = "@$(DERIVED_FILE_DIR)/link.params";
				OTHER_SWIFT_FLAGS = "-vfsoverlay $(OBJROOT)/bazel-out-overlay.yaml -Xcc -O0 -Xcc -DDEBUG=1 -Xcc -fstack-protector -Xcc -fstack-protector-all -static";
				PREVIEWS_SWIFT_INCLUDE_PATH__ = "";
				PREVIEWS_SWIFT_INCLUDE_PATH__NO = "";
				PREVIEWS_SWIFT_INCLUDE_PATH__YES = "$(BAZEL_OUT)/ios-sim_arm64-min14.0-applebin_ios-ios_sim_arm64-dbg-ST-e8cf74a10fda/bin/Bullseye-iOS";
				PRODUCT_BUNDLE_IDENTIFIER = com.example.bullseyeTests;
				PRODUCT_MODULE_NAME = BullseyeTests;
				PRODUCT_NAME = iostests;
				SDKROOT = iphoneos;
				SUPPORTED_PLATFORMS = iphonesimulator;
				SUPPORTS_MAC_DESIGNED_FOR_IPHONE_IPAD = NO;
				SWIFT_ACTIVE_COMPILATION_CONDITIONS = DEBUG;
				SWIFT_INCLUDE_PATHS = "$(PREVIEWS_SWIFT_INCLUDE_PATH__$(ENABLE_PREVIEWS)) $(BAZEL_OUT)/ios-sim_arm64-min14.0-applebin_ios-ios_sim_arm64-dbg-ST-e8cf74a10fda/bin/Bullseye-iOS";
				SWIFT_OBJC_INTERFACE_HEADER_NAME = "";
				SWIFT_OPTIMIZATION_LEVEL = "-Onone";
				SWIFT_VERSION = 5.0;
				TARGETED_DEVICE_FAMILY = "1,2";
				TARGET_BUILD_DIR = "$(BUILD_DIR)/bazel-out/applebin_ios-ios_sim_arm64-dbg-ST-e8cf74a10fda/bin/Bullseye-iOS$(TARGET_BUILD_SUBPATH)";
				TARGET_NAME = iostests;
				TEST_HOST = "$(BUILD_DIR)/bazel-out/applebin_ios-ios_sim_arm64-dbg-ST-e8cf74a10fda/bin/Bullseye-iOS/myfirstapp.app/myfirstapp";
				USER_HEADER_SEARCH_PATHS = (
					"$(BAZEL_EXEC_ROOT)",
					"$(BAZEL_OUT)/ios-sim_arm64-min14.0-applebin_ios-ios_sim_arm64-dbg-ST-e8cf74a10fda/bin",
				);
			};
			name = Debug;
		};
		56149AAFFE908A727E38DE5B /* Debug */ = {
			isa = XCBuildConfiguration;
			buildSettings = {
				ALWAYS_SEARCH_USER_PATHS = NO;
				BAZEL_EXEC_ROOT = /var/tmp/_bazel_brunohammes/6bd6c52c5cbfc1b636b850a97c7cf3bc/execroot/__main__;
				BAZEL_EXTERNAL = /var/tmp/_bazel_brunohammes/6bd6c52c5cbfc1b636b850a97c7cf3bc/external;
				BAZEL_INTEGRATION_DIR = "$(INTERNAL_DIR)/bazel";
				BAZEL_LLDB_INIT = "$(OBJROOT)/bazel.lldbinit";
				BAZEL_OUT = "/var/tmp/_bazel_brunohammes/6bd6c52c5cbfc1b636b850a97c7cf3bc/execroot/__main__/bazel-out";
				BAZEL_PATH = bazel;
				BAZEL_WORKSPACE_ROOT = "$(SRCROOT)";
				BUILD_WORKSPACE_DIRECTORY = "$(SRCROOT)";
				BUILT_PRODUCTS_DIR = "$(INDEXING_BUILT_PRODUCTS_DIR__$(INDEX_ENABLE_BUILD_ARENA))";
				CC = "$(BAZEL_INTEGRATION_DIR)/clang.sh";
				CLANG_ENABLE_OBJC_ARC = YES;
				CLANG_MODULES_AUTOLINK = NO;
				CODE_SIGNING_ALLOWED = NO;
				CONFIGURATION_BUILD_DIR = "$(BUILD_DIR)/$(BAZEL_PACKAGE_BIN_DIR)";
				COPY_PHASE_STRIP = NO;
				CXX = "$(BAZEL_INTEGRATION_DIR)/clang.sh";
				DEPLOYMENT_LOCATION = "$(INDEXING_DEPLOYMENT_LOCATION__$(INDEX_ENABLE_BUILD_ARENA)),";
				DSTROOT = "$(PROJECT_TEMP_DIR)";
				ENABLE_DEFAULT_SEARCH_PATHS = NO;
				INDEXING_BUILT_PRODUCTS_DIR__ = "$(INDEXING_BUILT_PRODUCTS_DIR__NO)";
				INDEXING_BUILT_PRODUCTS_DIR__NO = "$(BUILD_DIR)";
				INDEXING_BUILT_PRODUCTS_DIR__YES = "$(CONFIGURATION_BUILD_DIR)";
				INDEXING_DEPLOYMENT_LOCATION__ = "$(INDEXING_DEPLOYMENT_LOCATION__NO)";
				INDEXING_DEPLOYMENT_LOCATION__NO = YES;
				INDEXING_DEPLOYMENT_LOCATION__YES = NO;
				INDEX_FORCE_SCRIPT_EXECUTION = YES;
				INSTALL_PATH = "$(BAZEL_PACKAGE_BIN_DIR)/$(TARGET_NAME)/bin";
				INTERNAL_DIR = "$(PROJECT_FILE_PATH)/rules_xcodeproj";
				LD = "$(BAZEL_INTEGRATION_DIR)/ld.sh";
				LDPLUSPLUS = "$(BAZEL_INTEGRATION_DIR)/ld.sh";
				LIBTOOL = "$(BAZEL_INTEGRATION_DIR)/libtool.sh";
				LINKS_DIR = "$(INTERNAL_DIR)/links";
				ONLY_ACTIVE_ARCH = YES;
				SCHEME_TARGET_IDS_FILE = "$(OBJROOT)/scheme_target_ids";
				SUPPORTS_MACCATALYST = NO;
				SWIFT_EXEC = "$(BAZEL_INTEGRATION_DIR)/swiftc";
				SWIFT_OPTIMIZATION_LEVEL = "-Onone";
				SWIFT_USE_INTEGRATED_DRIVER = NO;
				TARGET_TEMP_DIR = "$(PROJECT_TEMP_DIR)/$(BAZEL_PACKAGE_BIN_DIR)/$(COMPILE_TARGET_NAME)";
				USE_HEADERMAP = NO;
				VALIDATE_WORKSPACE = NO;
			};
			name = Debug;
		};
		5FD90C508A5F4381D572CB60 /* Debug */ = {
			isa = XCBuildConfiguration;
			buildSettings = {
				BAZEL_CONFIG = rules_xcodeproj;
				BAZEL_PACKAGE_BIN_DIR = rules_xcodeproj;
				CALCULATE_OUTPUT_GROUPS_SCRIPT = "$(BAZEL_INTEGRATION_DIR)/calculate_output_groups.py";
				GENERATOR_LABEL = "@//Bullseye-iOS:xcodeproj.generator";
				GENERATOR_PACKAGE_BIN_DIR = "darwin_arm64-dbg/bin/Bullseye-iOS";
				GENERATOR_TARGET_NAME = xcodeproj.generator;
				INDEX_DATA_STORE_DIR = "$(INDEX_DATA_STORE_DIR)";
				INDEX_IMPORT = "$(BAZEL_OUT)/darwin_arm64-opt-exec-2B5CBBC6/bin/external/rules_xcodeproj_index_import/index-import";
				RESOLVED_EXTERNAL_REPOSITORIES = "";
				RULES_XCODEPROJ_BUILD_MODE = bazel;
				SUPPORTED_PLATFORMS = iphonesimulator;
				SUPPORTS_MACCATALYST = YES;
				TARGET_NAME = BazelDependencies;
			};
			name = Debug;
		};
		86B228673D79EE067DBF0A3A /* Debug */ = {
			isa = XCBuildConfiguration;
			buildSettings = {
				ARCHS = arm64;
				BAZEL_COMPILE_TARGET_ID = "//Bullseye-iOS:sources ios-sim_arm64-min14.0-applebin_ios-ios_sim_arm64-dbg-ST-e8cf74a10fda";
				"BAZEL_COMPILE_TARGET_ID[sdk=iphonesimulator*]" = "$(BAZEL_COMPILE_TARGET_ID)";
				BAZEL_LABEL = "@//Bullseye-iOS:myfirstapp";
				BAZEL_OUTPUTS_PRODUCT = "$(BAZEL_OUT)/applebin_ios-ios_sim_arm64-dbg-ST-e8cf74a10fda/bin/Bullseye-iOS/myfirstapp.app";
				BAZEL_PACKAGE_BIN_DIR = "bazel-out/applebin_ios-ios_sim_arm64-dbg-ST-e8cf74a10fda/bin/Bullseye-iOS";
				BAZEL_TARGET_ID = "//Bullseye-iOS:myfirstapp applebin_ios-ios_sim_arm64-dbg-ST-e8cf74a10fda";
				"BAZEL_TARGET_ID[sdk=iphonesimulator*]" = "$(BAZEL_TARGET_ID)";
				BUILT_PRODUCTS_DIR = "$(CONFIGURATION_BUILD_DIR)";
				CODE_SIGN_STYLE = Manual;
				COMPILE_TARGET_NAME = sources;
				DEBUG_INFORMATION_FORMAT = dwarf;
				DEPLOYMENT_LOCATION = NO;
				ENABLE_BITCODE = NO;
				ENABLE_TESTABILITY = YES;
				GCC_OPTIMIZATION_LEVEL = 0;
				INFOPLIST_FILE = "$(BAZEL_OUT)/applebin_ios-ios_sim_arm64-dbg-ST-e8cf74a10fda/bin/Bullseye-iOS/rules_xcodeproj/myfirstapp/Info.plist";
				IPHONEOS_DEPLOYMENT_TARGET = 14.0;
				LD_RUNPATH_SEARCH_PATHS = (
					"$(inherited)",
					"@executable_path/Frameworks",
				);
				LINK_PARAMS_FILE = "$(INTERNAL_DIR)/targets/applebin_ios-ios_sim_arm64-dbg-ST-e8cf74a10fda/Bullseye-iOS/myfirstapp.link.params";
				OTHER_LDFLAGS = "@$(DERIVED_FILE_DIR)/link.params";
				OTHER_SWIFT_FLAGS = "-vfsoverlay $(OBJROOT)/bazel-out-overlay.yaml -Xcc -O0 -Xcc -DDEBUG=1 -Xcc -fstack-protector -Xcc -fstack-protector-all -static";
				PREVIEWS_SWIFT_INCLUDE_PATH__ = "";
				PREVIEWS_SWIFT_INCLUDE_PATH__NO = "";
				PREVIEWS_SWIFT_INCLUDE_PATH__YES = "$(BAZEL_OUT)/ios-sim_arm64-min14.0-applebin_ios-ios_sim_arm64-dbg-ST-e8cf74a10fda/bin/Bullseye-iOS";
				PRODUCT_BUNDLE_IDENTIFIER = com.example.bullseye;
				PRODUCT_MODULE_NAME = Bullseye;
				PRODUCT_NAME = myfirstapp;
				SDKROOT = iphoneos;
				SUPPORTED_PLATFORMS = iphonesimulator;
				SUPPORTS_MAC_DESIGNED_FOR_IPHONE_IPAD = NO;
				SWIFT_ACTIVE_COMPILATION_CONDITIONS = DEBUG;
				SWIFT_INCLUDE_PATHS = "$(PREVIEWS_SWIFT_INCLUDE_PATH__$(ENABLE_PREVIEWS))";
				SWIFT_OBJC_INTERFACE_HEADER_NAME = "";
				SWIFT_OPTIMIZATION_LEVEL = "-Onone";
				SWIFT_VERSION = 5.0;
				TARGETED_DEVICE_FAMILY = "1,2";
				TARGET_NAME = myfirstapp;
				USER_HEADER_SEARCH_PATHS = (
					"$(BAZEL_EXEC_ROOT)",
					"$(BAZEL_OUT)/ios-sim_arm64-min14.0-applebin_ios-ios_sim_arm64-dbg-ST-e8cf74a10fda/bin",
				);
			};
			name = Debug;
		};
/* End XCBuildConfiguration section */

/* Begin XCConfigurationList section */
		1D5575BFE3E5A491D9268690 /* Build configuration list for PBXAggregateTarget "BazelDependencies" */ = {
			isa = XCConfigurationList;
			buildConfigurations = (
				5FD90C508A5F4381D572CB60 /* Debug */,
			);
			defaultConfigurationIsVisible = 0;
			defaultConfigurationName = Debug;
		};
		5A2D38EEA59D4683E6DB0C2D /* Build configuration list for PBXNativeTarget "myfirstapp" */ = {
			isa = XCConfigurationList;
			buildConfigurations = (
				86B228673D79EE067DBF0A3A /* Debug */,
			);
			defaultConfigurationIsVisible = 0;
			defaultConfigurationName = Debug;
		};
		A098966EEA001BBD78318BBA /* Build configuration list for PBXProject "Bullseye" */ = {
			isa = XCConfigurationList;
			buildConfigurations = (
				56149AAFFE908A727E38DE5B /* Debug */,
			);
			defaultConfigurationIsVisible = 0;
			defaultConfigurationName = Debug;
		};
		D43DDE46C90AAA27D43AD4D4 /* Build configuration list for PBXNativeTarget "iostests" */ = {
			isa = XCConfigurationList;
			buildConfigurations = (
				2749074C18292C19D339E2D5 /* Debug */,
			);
			defaultConfigurationIsVisible = 0;
			defaultConfigurationName = Debug;
		};
/* End XCConfigurationList section */
	};
	rootObject = 030B295CDA880462AFDA27CA /* Project object */;
}
